
Microsoft Visual Studio Solution File, Format Version 12.00
# Visual Studio 14
VisualStudioVersion = 14.0.25420.1
MinimumVisualStudioVersion = 10.0.40219.1
Project("{F184B08F-C81C-45F6-A57F-5ABD9991F28F}") = "ep2-2", "ep2-2\ep2-2.vbproj", "{11A2419C-2818-409E-A13B-472D97D99DD5}"
EndProject
Global
	GlobalSection(SolutionConfigurationPlatforms) = preSolution
		Debug|Any CPU = Debug|Any CPU
		Release|Any CPU = Release|Any CPU
	EndGlobalSection
	GlobalSection(ProjectConfigurationPlatforms) = postSolution
		{11A2419C-2818-409E-A13B-472D97D99DD5}.Debug|Any CPU.ActiveCfg = Debug|Any CPU
		{11A2419C-2818-409E-A13B-472D97D99DD5}.Debug|Any CPU.Build.0 = Debug|Any CPU
		{11A2419C-2818-409E-A13B-472D97D99DD5}.Release|Any CPU.ActiveCfg = Release|Any CPU
		{11A2419C-2818-409E-A13B-472D97D99DD5}.Release|Any CPU.Build.0 = Release|Any CPU
	EndGlobalSection
	GlobalSection(SolutionProperties) = preSolution
		HideSolutionNode = FALSE
	EndGlobalSection
EndGlobal
